
Microsoft Visual Studio Solution File, Format Version 12.00
# Visual Studio 14
VisualStudioVersion = 14.0.24720.0
MinimumVisualStudioVersion = 10.0.40219.1
Project("{FAE04EC0-301F-11D3-BF4B-00C04F79EFBC}") = "Encore.UI.Toast", "Encore.UI.Toast.csproj", "{DFF9A6B1-82B5-4679-9009-FCD7CA6E3BD5}"
EndProject
Global
	GlobalSection(SolutionConfigurationPlatforms) = preSolution
		Debug|Any CPU = Debug|Any CPU
		LocalIIS_Richard|Any CPU = LocalIIS_Richard|Any CPU
		Release|Any CPU = Release|Any CPU
		ReleaseDebug|Any CPU = ReleaseDebug|Any CPU
		ReleaseShoreham|Any CPU = ReleaseShoreham|Any CPU
		Slinfold|Any CPU = Slinfold|Any CPU
		Test|Any CPU = Test|Any CPU
		WPF_Release|Any CPU = WPF_Release|Any CPU
		WPF|Any CPU = WPF|Any CPU
	EndGlobalSection
	GlobalSection(ProjectConfigurationPlatforms) = postSolution
		{DFF9A6B1-82B5-4679-9009-FCD7CA6E3BD5}.Debug|Any CPU.ActiveCfg = Debug|Any CPU
		{DFF9A6B1-82B5-4679-9009-FCD7CA6E3BD5}.Debug|Any CPU.Build.0 = Debug|Any CPU
		{DFF9A6B1-82B5-4679-9009-FCD7CA6E3BD5}.LocalIIS_Richard|Any CPU.ActiveCfg = LocalIIS_Richard|Any CPU
		{DFF9A6B1-82B5-4679-9009-FCD7CA6E3BD5}.LocalIIS_Richard|Any CPU.Build.0 = LocalIIS_Richard|Any CPU
		{DFF9A6B1-82B5-4679-9009-FCD7CA6E3BD5}.Release|Any CPU.ActiveCfg = Release|Any CPU
		{DFF9A6B1-82B5-4679-9009-FCD7CA6E3BD5}.Release|Any CPU.Build.0 = Release|Any CPU
		{DFF9A6B1-82B5-4679-9009-FCD7CA6E3BD5}.ReleaseDebug|Any CPU.ActiveCfg = ReleaseDebug|Any CPU
		{DFF9A6B1-82B5-4679-9009-FCD7CA6E3BD5}.ReleaseDebug|Any CPU.Build.0 = ReleaseDebug|Any CPU
		{DFF9A6B1-82B5-4679-9009-FCD7CA6E3BD5}.ReleaseShoreham|Any CPU.ActiveCfg = ReleaseShoreham|Any CPU
		{DFF9A6B1-82B5-4679-9009-FCD7CA6E3BD5}.ReleaseShoreham|Any CPU.Build.0 = ReleaseShoreham|Any CPU
		{DFF9A6B1-82B5-4679-9009-FCD7CA6E3BD5}.Slinfold|Any CPU.ActiveCfg = Slinfold|Any CPU
		{DFF9A6B1-82B5-4679-9009-FCD7CA6E3BD5}.Slinfold|Any CPU.Build.0 = Slinfold|Any CPU
		{DFF9A6B1-82B5-4679-9009-FCD7CA6E3BD5}.Test|Any CPU.ActiveCfg = Test|Any CPU
		{DFF9A6B1-82B5-4679-9009-FCD7CA6E3BD5}.Test|Any CPU.Build.0 = Test|Any CPU
		{DFF9A6B1-82B5-4679-9009-FCD7CA6E3BD5}.WPF_Release|Any CPU.ActiveCfg = WPF_Release|Any CPU
		{DFF9A6B1-82B5-4679-9009-FCD7CA6E3BD5}.WPF_Release|Any CPU.Build.0 = WPF_Release|Any CPU
		{DFF9A6B1-82B5-4679-9009-FCD7CA6E3BD5}.WPF|Any CPU.ActiveCfg = WPF|Any CPU
		{DFF9A6B1-82B5-4679-9009-FCD7CA6E3BD5}.WPF|Any CPU.Build.0 = WPF|Any CPU
	EndGlobalSection
	GlobalSection(SolutionProperties) = preSolution
		HideSolutionNode = FALSE
	EndGlobalSection
EndGlobal
